
Microsoft Visual Studio Solution File, Format Version 12.00
# Visual Studio Version 16
VisualStudioVersion = 16.0.32802.440
MinimumVisualStudioVersion = 10.0.40219.1
Project("{FAE04EC0-301F-11D3-BF4B-00C04F79EFBC}") = "WebApplication1", "WebApplication1\WebApplication1.csproj", "{A82890D8-8D1F-42AF-A703-7BEEE2CB2FA3}"
EndProject
Global
	GlobalSection(SolutionConfigurationPlatforms) = preSolution
		Debug|Any CPU = Debug|Any CPU
		Release|Any CPU = Release|Any CPU
	EndGlobalSection
	GlobalSection(ProjectConfigurationPlatforms) = postSolution
		{A82890D8-8D1F-42AF-A703-7BEEE2CB2FA3}.Debug|Any CPU.ActiveCfg = Debug|Any CPU
		{A82890D8-8D1F-42AF-A703-7BEEE2CB2FA3}.Debug|Any CPU.Build.0 = Debug|Any CPU
		{A82890D8-8D1F-42AF-A703-7BEEE2CB2FA3}.Release|Any CPU.ActiveCfg = Release|Any CPU
		{A82890D8-8D1F-42AF-A703-7BEEE2CB2FA3}.Release|Any CPU.Build.0 = Release|Any CPU
	EndGlobalSection
	GlobalSection(SolutionProperties) = preSolution
		HideSolutionNode = FALSE
	EndGlobalSection
	GlobalSection(ExtensibilityGlobals) = postSolution
		SolutionGuid = {E3FB686F-7893-4117-B2C9-2A34BA963F3F}
	EndGlobalSection
EndGlobal
